
Microsoft Visual Studio Solution File, Format Version 12.00
# Visual Studio Version 17
VisualStudioVersion = 17.2.32526.322
MinimumVisualStudioVersion = 10.0.40219.1
Project("{9A19103F-16F7-4668-BE54-9A1E7A4F7556}") = "WebDriverClient", "WebDriverClient\WebDriverClient.csproj", "{C9D6E27A-4944-483E-BC8D-7839864676B8}"
EndProject
Project("{9A19103F-16F7-4668-BE54-9A1E7A4F7556}") = "ConfigurationClient", "ConfigurationClient\ConfigurationClient.csproj", "{E23D580A-C55B-42BA-8267-AA794F2A06C0}"
EndProject
Project("{9A19103F-16F7-4668-BE54-9A1E7A4F7556}") = "WebDriverClient.UnitTests", "WebDriverClient.UnitTests\WebDriverClient.UnitTests.csproj", "{68134D95-81E5-4DC7-A63B-9BAB4752FEDE}"
EndProject
Project("{9A19103F-16F7-4668-BE54-9A1E7A4F7556}") = "JsonResponseClient", "JsonResponseClient\JsonResponseClient.csproj", "{0920970D-5715-4125-A0C1-86C0B954E335}"
EndProject
Project("{9A19103F-16F7-4668-BE54-9A1E7A4F7556}") = "FacadeService", "FacadeService\FacadeService.csproj", "{27A77372-1295-4E67-91A5-F7DD428ADF0C}"
EndProject
Project("{FAE04EC0-301F-11D3-BF4B-00C04F79EFBC}") = "OrangeHRMTestingSuite", "OrangeHRMTestingSuite\OrangeHRMTestingSuite.csproj", "{39BB8DAA-375D-460D-B148-11FD6A5092AE}"
EndProject
Global
	GlobalSection(SolutionConfigurationPlatforms) = preSolution
		Debug|Any CPU = Debug|Any CPU
		Release|Any CPU = Release|Any CPU
	EndGlobalSection
	GlobalSection(ProjectConfigurationPlatforms) = postSolution
		{C9D6E27A-4944-483E-BC8D-7839864676B8}.Debug|Any CPU.ActiveCfg = Debug|Any CPU
		{C9D6E27A-4944-483E-BC8D-7839864676B8}.Debug|Any CPU.Build.0 = Debug|Any CPU
		{C9D6E27A-4944-483E-BC8D-7839864676B8}.Release|Any CPU.ActiveCfg = Release|Any CPU
		{C9D6E27A-4944-483E-BC8D-7839864676B8}.Release|Any CPU.Build.0 = Release|Any CPU
		{E23D580A-C55B-42BA-8267-AA794F2A06C0}.Debug|Any CPU.ActiveCfg = Debug|Any CPU
		{E23D580A-C55B-42BA-8267-AA794F2A06C0}.Debug|Any CPU.Build.0 = Debug|Any CPU
		{E23D580A-C55B-42BA-8267-AA794F2A06C0}.Release|Any CPU.ActiveCfg = Release|Any CPU
		{E23D580A-C55B-42BA-8267-AA794F2A06C0}.Release|Any CPU.Build.0 = Release|Any CPU
		{68134D95-81E5-4DC7-A63B-9BAB4752FEDE}.Debug|Any CPU.ActiveCfg = Debug|Any CPU
		{68134D95-81E5-4DC7-A63B-9BAB4752FEDE}.Debug|Any CPU.Build.0 = Debug|Any CPU
		{68134D95-81E5-4DC7-A63B-9BAB4752FEDE}.Release|Any CPU.ActiveCfg = Release|Any CPU
		{68134D95-81E5-4DC7-A63B-9BAB4752FEDE}.Release|Any CPU.Build.0 = Release|Any CPU
		{0920970D-5715-4125-A0C1-86C0B954E335}.Debug|Any CPU.ActiveCfg = Debug|Any CPU
		{0920970D-5715-4125-A0C1-86C0B954E335}.Debug|Any CPU.Build.0 = Debug|Any CPU
		{0920970D-5715-4125-A0C1-86C0B954E335}.Release|Any CPU.ActiveCfg = Release|Any CPU
		{0920970D-5715-4125-A0C1-86C0B954E335}.Release|Any CPU.Build.0 = Release|Any CPU
		{27A77372-1295-4E67-91A5-F7DD428ADF0C}.Debug|Any CPU.ActiveCfg = Debug|Any CPU
		{27A77372-1295-4E67-91A5-F7DD428ADF0C}.Debug|Any CPU.Build.0 = Debug|Any CPU
		{27A77372-1295-4E67-91A5-F7DD428ADF0C}.Release|Any CPU.ActiveCfg = Release|Any CPU
		{27A77372-1295-4E67-91A5-F7DD428ADF0C}.Release|Any CPU.Build.0 = Release|Any CPU
		{39BB8DAA-375D-460D-B148-11FD6A5092AE}.Debug|Any CPU.ActiveCfg = Debug|Any CPU
		{39BB8DAA-375D-460D-B148-11FD6A5092AE}.Debug|Any CPU.Build.0 = Debug|Any CPU
		{39BB8DAA-375D-460D-B148-11FD6A5092AE}.Release|Any CPU.ActiveCfg = Release|Any CPU
		{39BB8DAA-375D-460D-B148-11FD6A5092AE}.Release|Any CPU.Build.0 = Release|Any CPU
	EndGlobalSection
	GlobalSection(SolutionProperties) = preSolution
		HideSolutionNode = FALSE
	EndGlobalSection
	GlobalSection(ExtensibilityGlobals) = postSolution
		SolutionGuid = {50B77D2A-A86C-47B5-9710-FEF64BBDB46A}
	EndGlobalSection
EndGlobal
